
Microsoft Visual Studio Solution File, Format Version 12.00
# Visual Studio Version 17
VisualStudioVersion = 17.7.34024.191
MinimumVisualStudioVersion = 10.0.40219.1
Project("{FAE04EC0-301F-11D3-BF4B-00C04F79EFBC}") = "HazifeladaT", "HazifeladaT\HazifeladaT.csproj", "{41D7259E-8272-47A1-8CC6-E046BCF729D9}"
EndProject
Global
	GlobalSection(SolutionConfigurationPlatforms) = preSolution
		Debug|Any CPU = Debug|Any CPU
		Release|Any CPU = Release|Any CPU
	EndGlobalSection
	GlobalSection(ProjectConfigurationPlatforms) = postSolution
		{41D7259E-8272-47A1-8CC6-E046BCF729D9}.Debug|Any CPU.ActiveCfg = Debug|Any CPU
		{41D7259E-8272-47A1-8CC6-E046BCF729D9}.Debug|Any CPU.Build.0 = Debug|Any CPU
		{41D7259E-8272-47A1-8CC6-E046BCF729D9}.Release|Any CPU.ActiveCfg = Release|Any CPU
		{41D7259E-8272-47A1-8CC6-E046BCF729D9}.Release|Any CPU.Build.0 = Release|Any CPU
	EndGlobalSection
	GlobalSection(SolutionProperties) = preSolution
		HideSolutionNode = FALSE
	EndGlobalSection
	GlobalSection(ExtensibilityGlobals) = postSolution
		SolutionGuid = {54B7586C-A534-47E2-9436-598B5DB3BE7F}
	EndGlobalSection
EndGlobal
